
Microsoft Visual Studio Solution File, Format Version 12.00
# Visual Studio Version 17
VisualStudioVersion = 17.9.34728.123
MinimumVisualStudioVersion = 10.0.40219.1
Project("{FAE04EC0-301F-11D3-BF4B-00C04F79EFBC}") = "SBSE_Project_2", "SBSE_Project_2\SBSE_Project_2.csproj", "{164BAE89-E025-4F02-927B-AE2D3D794E1F}"
EndProject
Global
	GlobalSection(SolutionConfigurationPlatforms) = preSolution
		Debug|ARM64 = Debug|ARM64
		Debug|x64 = Debug|x64
		Debug|x86 = Debug|x86
		Release|ARM64 = Release|ARM64
		Release|x64 = Release|x64
		Release|x86 = Release|x86
	EndGlobalSection
	GlobalSection(ProjectConfigurationPlatforms) = postSolution
		{164BAE89-E025-4F02-927B-AE2D3D794E1F}.Debug|ARM64.ActiveCfg = Debug|ARM64
		{164BAE89-E025-4F02-927B-AE2D3D794E1F}.Debug|ARM64.Build.0 = Debug|ARM64
		{164BAE89-E025-4F02-927B-AE2D3D794E1F}.Debug|ARM64.Deploy.0 = Debug|ARM64
		{164BAE89-E025-4F02-927B-AE2D3D794E1F}.Debug|x64.ActiveCfg = Debug|x64
		{164BAE89-E025-4F02-927B-AE2D3D794E1F}.Debug|x64.Build.0 = Debug|x64
		{164BAE89-E025-4F02-927B-AE2D3D794E1F}.Debug|x64.Deploy.0 = Debug|x64
		{164BAE89-E025-4F02-927B-AE2D3D794E1F}.Debug|x86.ActiveCfg = Debug|x86
		{164BAE89-E025-4F02-927B-AE2D3D794E1F}.Debug|x86.Build.0 = Debug|x86
		{164BAE89-E025-4F02-927B-AE2D3D794E1F}.Debug|x86.Deploy.0 = Debug|x86
		{164BAE89-E025-4F02-927B-AE2D3D794E1F}.Release|ARM64.ActiveCfg = Release|ARM64
		{164BAE89-E025-4F02-927B-AE2D3D794E1F}.Release|ARM64.Build.0 = Release|ARM64
		{164BAE89-E025-4F02-927B-AE2D3D794E1F}.Release|ARM64.Deploy.0 = Release|ARM64
		{164BAE89-E025-4F02-927B-AE2D3D794E1F}.Release|x64.ActiveCfg = Release|x64
		{164BAE89-E025-4F02-927B-AE2D3D794E1F}.Release|x64.Build.0 = Release|x64
		{164BAE89-E025-4F02-927B-AE2D3D794E1F}.Release|x64.Deploy.0 = Release|x64
		{164BAE89-E025-4F02-927B-AE2D3D794E1F}.Release|x86.ActiveCfg = Release|x86
		{164BAE89-E025-4F02-927B-AE2D3D794E1F}.Release|x86.Build.0 = Release|x86
		{164BAE89-E025-4F02-927B-AE2D3D794E1F}.Release|x86.Deploy.0 = Release|x86
	EndGlobalSection
	GlobalSection(SolutionProperties) = preSolution
		HideSolutionNode = FALSE
	EndGlobalSection
	GlobalSection(ExtensibilityGlobals) = postSolution
		SolutionGuid = {96E36735-2E33-4626-8D05-F37E85BCD02B}
	EndGlobalSection
EndGlobal
